// !$*UTF8*$!
{
	archiveVersion = 1;
	classes = {
	};
	objectVersion = 77;
	objects = {

/* Begin PBXBuildFile section */
		0177F7BB151A10AEDA526F73 /* PreconCatalog.swift in Sources */ = {isa = PBXBuildFile; fileRef = 1EC7F366BBFC899D5DD7671C /* PreconCatalog.swift */; };
		037F8C88A7F2DD19D445DEE4 /* Models.swift in Sources */ = {isa = PBXBuildFile; fileRef = 6872434C0866DDE9DEF3FB8C /* Models.swift */; };
		551A8C60BC9EF53BC42CE492 /* MagicMobileAPI.swift in Sources */ = {isa = PBXBuildFile; fileRef = 5A5880A440F12FAFCB5E9DB6 /* MagicMobileAPI.swift */; };
		5E56D36ECA96BCF27A83C003 /* MagicMobileTests.swift in Sources */ = {isa = PBXBuildFile; fileRef = A8847ABC91603BF5DA5F4CE5 /* MagicMobileTests.swift */; };
		752C5EFA30A506F19E13681B /* MagicMobileApp.swift in Sources */ = {isa = PBXBuildFile; fileRef = 69B2CFE17C03F7A7CC6CFEC3 /* MagicMobileApp.swift */; };
		C1511A400C8C25B7D7B72191 /* Assets.xcassets in Resources */ = {isa = PBXBuildFile; fileRef = 268E12F4889571947D93BF23 /* Assets.xcassets */; };
		C8623EC979ACF45B170D1881 /* ContentView.swift in Sources */ = {isa = PBXBuildFile; fileRef = 29DCFFDEC2E73604A42C81C3 /* ContentView.swift */; };
/* End PBXBuildFile section */

/* Begin PBXContainerItemProxy section */
		9A686E59F31B22AABB93C696 /* PBXContainerItemProxy */ = {
			isa = PBXContainerItemProxy;
			containerPortal = D79CD04B90E2363418EF9497 /* Project object */;
			proxyType = 1;
			remoteGlobalIDString = 27303D5B55A9521EB0CBCFF5;
			remoteInfo = MagicMobile;
		};
/* End PBXContainerItemProxy section */

/* Begin PBXFileReference section */
		08AC5C4DD955D082D3138966 /* MagicMobile.app */ = {isa = PBXFileReference; includeInIndex = 0; lastKnownFileType = wrapper.application; path = MagicMobile.app; sourceTree = BUILT_PRODUCTS_DIR; };
		1EC7F366BBFC899D5DD7671C /* PreconCatalog.swift */ = {isa = PBXFileReference; lastKnownFileType = sourcecode.swift; path = PreconCatalog.swift; sourceTree = "<group>"; };
		268E12F4889571947D93BF23 /* Assets.xcassets */ = {isa = PBXFileReference; lastKnownFileType = folder.assetcatalog; path = Assets.xcassets; sourceTree = "<group>"; };
		29DCFFDEC2E73604A42C81C3 /* ContentView.swift */ = {isa = PBXFileReference; lastKnownFileType = sourcecode.swift; path = ContentView.swift; sourceTree = "<group>"; };
		5A5880A440F12FAFCB5E9DB6 /* MagicMobileAPI.swift */ = {isa = PBXFileReference; lastKnownFileType = sourcecode.swift; path = MagicMobileAPI.swift; sourceTree = "<group>"; };
		6872434C0866DDE9DEF3FB8C /* Models.swift */ = {isa = PBXFileReference; lastKnownFileType = sourcecode.swift; path = Models.swift; sourceTree = "<group>"; };
		69B2CFE17C03F7A7CC6CFEC3 /* MagicMobileApp.swift */ = {isa = PBXFileReference; lastKnownFileType = sourcecode.swift; path = MagicMobileApp.swift; sourceTree = "<group>"; };
		7310F972E936D7992D841C36 /* MagicMobileTests.xctest */ = {isa = PBXFileReference; includeInIndex = 0; lastKnownFileType = wrapper.cfbundle; path = MagicMobileTests.xctest; sourceTree = BUILT_PRODUCTS_DIR; };
		A8847ABC91603BF5DA5F4CE5 /* MagicMobileTests.swift */ = {isa = PBXFileReference; lastKnownFileType = sourcecode.swift; path = MagicMobileTests.swift; sourceTree = "<group>"; };
		FF4EE202904EFC97FF10F5D0 /* Info.plist */ = {isa = PBXFileReference; lastKnownFileType = text.plist; path = Info.plist; sourceTree = "<group>"; };
/* End PBXFileReference section */

/* Begin PBXGroup section */
		545B5AB13CF2F1913730E238 /* MagicMobile */ = {
			isa = PBXGroup;
			children = (
				268E12F4889571947D93BF23 /* Assets.xcassets */,
				29DCFFDEC2E73604A42C81C3 /* ContentView.swift */,
				FF4EE202904EFC97FF10F5D0 /* Info.plist */,
				5A5880A440F12FAFCB5E9DB6 /* MagicMobileAPI.swift */,
				69B2CFE17C03F7A7CC6CFEC3 /* MagicMobileApp.swift */,
				6872434C0866DDE9DEF3FB8C /* Models.swift */,
				1EC7F366BBFC899D5DD7671C /* PreconCatalog.swift */,
			);
			path = MagicMobile;
			sourceTree = "<group>";
		};
		579A87D6C3BF95DC45F889A9 /* Products */ = {
			isa = PBXGroup;
			children = (
				08AC5C4DD955D082D3138966 /* MagicMobile.app */,
				7310F972E936D7992D841C36 /* MagicMobileTests.xctest */,
			);
			name = Products;
			sourceTree = "<group>";
		};
		6E268242740097E706C9C7DF /* MagicMobileTests */ = {
			isa = PBXGroup;
			children = (
				A8847ABC91603BF5DA5F4CE5 /* MagicMobileTests.swift */,
			);
			path = MagicMobileTests;
			sourceTree = "<group>";
		};
		FA9C7D60C20176C0EF298F17 = {
			isa = PBXGroup;
			children = (
				545B5AB13CF2F1913730E238 /* MagicMobile */,
				6E268242740097E706C9C7DF /* MagicMobileTests */,
				579A87D6C3BF95DC45F889A9 /* Products */,
			);
			sourceTree = "<group>";
		};
/* End PBXGroup section */

/* Begin PBXNativeTarget section */
		27303D5B55A9521EB0CBCFF5 /* MagicMobile */ = {
			isa = PBXNativeTarget;
			buildConfigurationList = B8EB6F1C3B37B7CE7DEFF9A2 /* Build configuration list for PBXNativeTarget "MagicMobile" */;
			buildPhases = (
				08275B628476837D8B65D70B /* Sources */,
				69B18D5EF2E089E9AB3F0995 /* Resources */,
			);
			buildRules = (
			);
			dependencies = (
			);
			name = MagicMobile;
			packageProductDependencies = (
			);
			productName = MagicMobile;
			productReference = 08AC5C4DD955D082D3138966 /* MagicMobile.app */;
			productType = "com.apple.product-type.application";
		};
		5FE170C3D01CED597547FA66 /* MagicMobileTests */ = {
			isa = PBXNativeTarget;
			buildConfigurationList = 05443BDB0271A6F9B468B0E6 /* Build configuration list for PBXNativeTarget "MagicMobileTests" */;
			buildPhases = (
				3B42694D39B1BD40E417CAF1 /* Sources */,
			);
			buildRules = (
			);
			dependencies = (
				D0AE1C7F400BA6744C7297E7 /* PBXTargetDependency */,
			);
			name = MagicMobileTests;
			packageProductDependencies = (
			);
			productName = MagicMobileTests;
			productReference = 7310F972E936D7992D841C36 /* MagicMobileTests.xctest */;
			productType = "com.apple.product-type.bundle.unit-test";
		};
/* End PBXNativeTarget section */

/* Begin PBXProject section */
		D79CD04B90E2363418EF9497 /* Project object */ = {
			isa = PBXProject;
			attributes = {
				BuildIndependentTargetsInParallel = YES;
				LastUpgradeCheck = 1430;
				TargetAttributes = {
					27303D5B55A9521EB0CBCFF5 = {
						DevelopmentTeam = 82HPAY85M8;
						ProvisioningStyle = Automatic;
					};
					5FE170C3D01CED597547FA66 = {
						DevelopmentTeam = 82HPAY85M8;
						ProvisioningStyle = Automatic;
					};
				};
			};
			buildConfigurationList = DAC693857AB0E8D67FEC944D /* Build configuration list for PBXProject "MagicMobileiOS" */;
			developmentRegion = en;
			hasScannedForEncodings = 0;
			knownRegions = (
				Base,
				en,
			);
			mainGroup = FA9C7D60C20176C0EF298F17;
			minimizedProjectReferenceProxies = 1;
			preferredProjectObjectVersion = 77;
			productRefGroup = 579A87D6C3BF95DC45F889A9 /* Products */;
			projectDirPath = "";
			projectRoot = "";
			targets = (
				27303D5B55A9521EB0CBCFF5 /* MagicMobile */,
				5FE170C3D01CED597547FA66 /* MagicMobileTests */,
			);
		};
/* End PBXProject section */

/* Begin PBXResourcesBuildPhase section */
		69B18D5EF2E089E9AB3F0995 /* Resources */ = {
			isa = PBXResourcesBuildPhase;
			buildActionMask = 2147483647;
			files = (
				C1511A400C8C25B7D7B72191 /* Assets.xcassets in Resources */,
			);
			runOnlyForDeploymentPostprocessing = 0;
		};
/* End PBXResourcesBuildPhase section */

/* Begin PBXSourcesBuildPhase section */
		08275B628476837D8B65D70B /* Sources */ = {
			isa = PBXSourcesBuildPhase;
			buildActionMask = 2147483647;
			files = (
				C8623EC979ACF45B170D1881 /* ContentView.swift in Sources */,
				551A8C60BC9EF53BC42CE492 /* MagicMobileAPI.swift in Sources */,
				752C5EFA30A506F19E13681B /* MagicMobileApp.swift in Sources */,
				037F8C88A7F2DD19D445DEE4 /* Models.swift in Sources */,
				0177F7BB151A10AEDA526F73 /* PreconCatalog.swift in Sources */,
			);
			runOnlyForDeploymentPostprocessing = 0;
		};
		3B42694D39B1BD40E417CAF1 /* Sources */ = {
			isa = PBXSourcesBuildPhase;
			buildActionMask = 2147483647;
			files = (
				5E56D36ECA96BCF27A83C003 /* MagicMobileTests.swift in Sources */,
			);
			runOnlyForDeploymentPostprocessing = 0;
		};
/* End PBXSourcesBuildPhase section */

/* Begin PBXTargetDependency section */
		D0AE1C7F400BA6744C7297E7 /* PBXTargetDependency */ = {
			isa = PBXTargetDependency;
			target = 27303D5B55A9521EB0CBCFF5 /* MagicMobile */;
			targetProxy = 9A686E59F31B22AABB93C696 /* PBXContainerItemProxy */;
		};
/* End PBXTargetDependency section */

/* Begin XCBuildConfiguration section */
		37194F180C0E600BE457569B /* Debug */ = {
			isa = XCBuildConfiguration;
			buildSettings = {
				ASSETCATALOG_COMPILER_APPICON_NAME = AppIcon;
				ASSETCATALOG_COMPILER_GENERATE_SWIFT_ASSET_SYMBOL_EXTENSIONS = NO;
				CODE_SIGN_IDENTITY = "iPhone Developer";
				INFOPLIST_FILE = MagicMobile/Info.plist;
				LD_RUNPATH_SEARCH_PATHS = (
					"$(inherited)",
					"@executable_path/Frameworks",
				);
				PRODUCT_BUNDLE_IDENTIFIER = com.calebfeliciano.magicmobile;
				PRODUCT_NAME = MagicMobile;
				SDKROOT = iphoneos;
				TARGETED_DEVICE_FAMILY = 1;
			};
			name = Debug;
		};
		64A17C8A7A90A6E56C538C38 /* Release */ = {
			isa = XCBuildConfiguration;
			buildSettings = {
				BUNDLE_LOADER = "$(TEST_HOST)";
				LD_RUNPATH_SEARCH_PATHS = (
					"$(inherited)",
					"@executable_path/Frameworks",
					"@loader_path/Frameworks",
				);
				PRODUCT_BUNDLE_IDENTIFIER = com.calebfeliciano.MagicMobileTests;
				SDKROOT = iphoneos;
				TARGETED_DEVICE_FAMILY = "1,2";
				TEST_HOST = "$(BUILT_PRODUCTS_DIR)/MagicMobile.app/MagicMobile";
			};
			name = Release;
		};
		6B77A2E4FDC86B480546A46A /* Debug */ = {
			isa = XCBuildConfiguration;
			buildSettings = {
				BUNDLE_LOADER = "$(TEST_HOST)";
				LD_RUNPATH_SEARCH_PATHS = (
					"$(inherited)",
					"@executable_path/Frameworks",
					"@loader_path/Frameworks",
				);
				PRODUCT_BUNDLE_IDENTIFIER = com.calebfeliciano.MagicMobileTests;
				SDKROOT = iphoneos;
				TARGETED_DEVICE_FAMILY = "1,2";
				TEST_HOST = "$(BUILT_PRODUCTS_DIR)/MagicMobile.app/MagicMobile";
			};
			name = Debug;
		};
		7DA68D93880FDFAA0F572052 /* Release */ = {
			isa = XCBuildConfiguration;
			buildSettings = {
				ASSETCATALOG_COMPILER_APPICON_NAME = AppIcon;
				ASSETCATALOG_COMPILER_GENERATE_SWIFT_ASSET_SYMBOL_EXTENSIONS = NO;
				CODE_SIGN_IDENTITY = "iPhone Developer";
				INFOPLIST_FILE = MagicMobile/Info.plist;
				LD_RUNPATH_SEARCH_PATHS = (
					"$(inherited)",
					"@executable_path/Frameworks",
				);
				PRODUCT_BUNDLE_IDENTIFIER = com.calebfeliciano.magicmobile;
				PRODUCT_NAME = MagicMobile;
				SDKROOT = iphoneos;
				TARGETED_DEVICE_FAMILY = 1;
			};
			name = Release;
		};
		AE7AC4AC6EE171DBA5C29202 /* Debug */ = {
			isa = XCBuildConfiguration;
			buildSettings = {
				ALWAYS_SEARCH_USER_PATHS = NO;
				CLANG_ANALYZER_NONNULL = YES;
				CLANG_ANALYZER_NUMBER_OBJECT_CONVERSION = YES_AGGRESSIVE;
				CLANG_CXX_LANGUAGE_STANDARD = "gnu++14";
				CLANG_CXX_LIBRARY = "libc++";
				CLANG_ENABLE_MODULES = YES;
				CLANG_ENABLE_OBJC_ARC = YES;
				CLANG_ENABLE_OBJC_WEAK = YES;
				CLANG_WARN_BLOCK_CAPTURE_AUTORELEASING = YES;
				CLANG_WARN_BOOL_CONVERSION = YES;
				CLANG_WARN_COMMA = YES;
				CLANG_WARN_CONSTANT_CONVERSION = YES;
				CLANG_WARN_DEPRECATED_OBJC_IMPLEMENTATIONS = YES;
				CLANG_WARN_DIRECT_OBJC_ISA_USAGE = YES_ERROR;
				CLANG_WARN_DOCUMENTATION_COMMENTS = YES;
				CLANG_WARN_EMPTY_BODY = YES;
				CLANG_WARN_ENUM_CONVERSION = YES;
				CLANG_WARN_INFINITE_RECURSION = YES;
				CLANG_WARN_INT_CONVERSION = YES;
				CLANG_WARN_NON_LITERAL_NULL_CONVERSION = YES;
				CLANG_WARN_OBJC_IMPLICIT_RETAIN_SELF = YES;
				CLANG_WARN_OBJC_LITERAL_CONVERSION = YES;
				CLANG_WARN_OBJC_ROOT_CLASS = YES_ERROR;
				CLANG_WARN_QUOTED_INCLUDE_IN_FRAMEWORK_HEADER = YES;
				CLANG_WARN_RANGE_LOOP_ANALYSIS = YES;
				CLANG_WARN_STRICT_PROTOTYPES = YES;
				CLANG_WARN_SUSPICIOUS_MOVE = YES;
				CLANG_WARN_UNGUARDED_AVAILABILITY = YES_AGGRESSIVE;
				CLANG_WARN_UNREACHABLE_CODE = YES;
				CLANG_WARN__DUPLICATE_METHOD_MATCH = YES;
				CODE_SIGN_STYLE = Automatic;
				COPY_PHASE_STRIP = NO;
				DEBUG_INFORMATION_FORMAT = dwarf;
				DEVELOPMENT_TEAM = 82HPAY85M8;
				ENABLE_STRICT_OBJC_MSGSEND = YES;
				ENABLE_TESTABILITY = YES;
				GCC_C_LANGUAGE_STANDARD = gnu11;
				GCC_DYNAMIC_NO_PIC = NO;
				GCC_NO_COMMON_BLOCKS = YES;
				GCC_OPTIMIZATION_LEVEL = 0;
				GCC_PREPROCESSOR_DEFINITIONS = (
					"$(inherited)",
					"DEBUG=1",
				);
				GCC_WARN_64_TO_32_BIT_CONVERSION = YES;
				GCC_WARN_ABOUT_RETURN_TYPE = YES_ERROR;
				GCC_WARN_UNDECLARED_SELECTOR = YES;
				GCC_WARN_UNINITIALIZED_AUTOS = YES_AGGRESSIVE;
				GCC_WARN_UNUSED_FUNCTION = YES;
				GCC_WARN_UNUSED_VARIABLE = YES;
				IPHONEOS_DEPLOYMENT_TARGET = 17.0;
				MTL_ENABLE_DEBUG_INFO = INCLUDE_SOURCE;
				MTL_FAST_MATH = YES;
				ONLY_ACTIVE_ARCH = YES;
				PRODUCT_NAME = "$(TARGET_NAME)";
				SDKROOT = iphoneos;
				SWIFT_ACTIVE_COMPILATION_CONDITIONS = DEBUG;
				SWIFT_OPTIMIZATION_LEVEL = "-Onone";
				SWIFT_VERSION = 5.9;
			};
			name = Debug;
		};
		E74101B339D1F5BD51B5FB35 /* Release */ = {
			isa = XCBuildConfiguration;
			buildSettings = {
				ALWAYS_SEARCH_USER_PATHS = NO;
				CLANG_ANALYZER_NONNULL = YES;
				CLANG_ANALYZER_NUMBER_OBJECT_CONVERSION = YES_AGGRESSIVE;
				CLANG_CXX_LANGUAGE_STANDARD = "gnu++14";
				CLANG_CXX_LIBRARY = "libc++";
				CLANG_ENABLE_MODULES = YES;
				CLANG_ENABLE_OBJC_ARC = YES;
				CLANG_ENABLE_OBJC_WEAK = YES;
				CLANG_WARN_BLOCK_CAPTURE_AUTORELEASING = YES;
				CLANG_WARN_BOOL_CONVERSION = YES;
				CLANG_WARN_COMMA = YES;
				CLANG_WARN_CONSTANT_CONVERSION = YES;
				CLANG_WARN_DEPRECATED_OBJC_IMPLEMENTATIONS = YES;
				CLANG_WARN_DIRECT_OBJC_ISA_USAGE = YES_ERROR;
				CLANG_WARN_DOCUMENTATION_COMMENTS = YES;
				CLANG_WARN_EMPTY_BODY = YES;
				CLANG_WARN_ENUM_CONVERSION = YES;
				CLANG_WARN_INFINITE_RECURSION = YES;
				CLANG_WARN_INT_CONVERSION = YES;
				CLANG_WARN_NON_LITERAL_NULL_CONVERSION = YES;
				CLANG_WARN_OBJC_IMPLICIT_RETAIN_SELF = YES;
				CLANG_WARN_OBJC_LITERAL_CONVERSION = YES;
				CLANG_WARN_OBJC_ROOT_CLASS = YES_ERROR;
				CLANG_WARN_QUOTED_INCLUDE_IN_FRAMEWORK_HEADER = YES;
				CLANG_WARN_RANGE_LOOP_ANALYSIS = YES;
				CLANG_WARN_STRICT_PROTOTYPES = YES;
				CLANG_WARN_SUSPICIOUS_MOVE = YES;
				CLANG_WARN_UNGUARDED_AVAILABILITY = YES_AGGRESSIVE;
				CLANG_WARN_UNREACHABLE_CODE = YES;
				CLANG_WARN__DUPLICATE_METHOD_MATCH = YES;
				CODE_SIGN_STYLE = Automatic;
				COPY_PHASE_STRIP = NO;
				DEBUG_INFORMATION_FORMAT = "dwarf-with-dsym";
				DEVELOPMENT_TEAM = 82HPAY85M8;
				ENABLE_NS_ASSERTIONS = NO;
				ENABLE_STRICT_OBJC_MSGSEND = YES;
				GCC_C_LANGUAGE_STANDARD = gnu11;
				GCC_NO_COMMON_BLOCKS = YES;
				GCC_WARN_64_TO_32_BIT_CONVERSION = YES;
				GCC_WARN_ABOUT_RETURN_TYPE = YES_ERROR;
				GCC_WARN_UNDECLARED_SELECTOR = YES;
				GCC_WARN_UNINITIALIZED_AUTOS = YES_AGGRESSIVE;
				GCC_WARN_UNUSED_FUNCTION = YES;
				GCC_WARN_UNUSED_VARIABLE = YES;
				IPHONEOS_DEPLOYMENT_TARGET = 17.0;
				MTL_ENABLE_DEBUG_INFO = NO;
				MTL_FAST_MATH = YES;
				PRODUCT_NAME = "$(TARGET_NAME)";
				SDKROOT = iphoneos;
				SWIFT_COMPILATION_MODE = wholemodule;
				SWIFT_OPTIMIZATION_LEVEL = "-O";
				SWIFT_VERSION = 5.9;
			};
			name = Release;
		};
/* End XCBuildConfiguration section */

/* Begin XCConfigurationList section */
		05443BDB0271A6F9B468B0E6 /* Build configuration list for PBXNativeTarget "MagicMobileTests" */ = {
			isa = XCConfigurationList;
			buildConfigurations = (
				6B77A2E4FDC86B480546A46A /* Debug */,
				64A17C8A7A90A6E56C538C38 /* Release */,
			);
			defaultConfigurationIsVisible = 0;
			defaultConfigurationName = Debug;
		};
		B8EB6F1C3B37B7CE7DEFF9A2 /* Build configuration list for PBXNativeTarget "MagicMobile" */ = {
			isa = XCConfigurationList;
			buildConfigurations = (
				37194F180C0E600BE457569B /* Debug */,
				7DA68D93880FDFAA0F572052 /* Release */,
			);
			defaultConfigurationIsVisible = 0;
			defaultConfigurationName = Debug;
		};
		DAC693857AB0E8D67FEC944D /* Build configuration list for PBXProject "MagicMobileiOS" */ = {
			isa = XCConfigurationList;
			buildConfigurations = (
				AE7AC4AC6EE171DBA5C29202 /* Debug */,
				E74101B339D1F5BD51B5FB35 /* Release */,
			);
			defaultConfigurationIsVisible = 0;
			defaultConfigurationName = Debug;
		};
/* End XCConfigurationList section */
	};
	rootObject = D79CD04B90E2363418EF9497 /* Project object */;
}
